{
    "name": "drumline-lib",
    "version": "0.0.3",
    "lockfileVersion": 3,
    "requires": true,
    "packages": {
        "": {
            "name": "drumline-lib",
            "version": "0.0.3",
            "hasInstallScript": true,
            "license": "MIT",
            "engines": {
                "node": ">=18.12.1 <19.0.0",
                "npm": ">=8.19.2 <10.0.0"
            }
        },
        "drumline-client": {
            "name": "@chrisrude/drumline-client",
            "version": "0.0.3",
            "extraneous": true,
            "license": "MIT",
            "dependencies": {
                "@chrisrude/drumline-lib": "file:../drumline-lib",
                "@fontsource/fira-mono": "^4.5.10",
                "svelte-spa-router": "^3.3.0"
            },
            "devDependencies": {
                "@playwright/test": "^1.28.1",
                "@sveltejs/adapter-auto": "^2.0.0",
                "@sveltejs/adapter-static": "^2.0.2",
                "@sveltejs/kit": "^1.20.4",
                "@types/cookie": "^0.5.1",
                "@typescript-eslint/eslint-plugin": "^6.1.0",
                "@typescript-eslint/parser": "^6.1.0",
                "eslint": "^8.45.0",
                "eslint-config-prettier": "^8.5.0",
                "eslint-plugin-svelte": "^2.32.4",
                "prettier": "^2.8.0",
                "prettier-plugin-svelte": "^2.10.1",
                "svelte": "^4.0.5",
                "svelte-check": "^3.4.3",
                "typescript": "^5.1.6",
                "vite": "^4.4.2",
                "vitest": "^0.32.2"
            },
            "engines": {
                "node": ">=18.12.1"
            }
        },
        "drumline-lib": {
            "name": "@chrisrude/drumline-lib",
            "version": "0.0.3",
            "extraneous": true,
            "license": "MIT",
            "dependencies": {
                "uuid": "^9.0.0"
            },
            "devDependencies": {
                "@rollup/plugin-commonjs": "^25.0.3",
                "@rollup/plugin-json": "^6.0.0",
                "@rollup/plugin-node-resolve": "^15.1.0",
                "@rollup/plugin-terser": "^0.4.3",
                "@rollup/plugin-typescript": "^11.1.2",
                "@types/uuid": "^9.0.2",
                "@typescript-eslint/eslint-plugin": "^6.2.0",
                "@typescript-eslint/parser": "^6.2.0",
                "eslint": "^8.45.0",
                "eslint-config-prettier": "^8.9.0",
                "eslint-plugin-prettier": "^5.0.0",
                "prettier": "^3.0.0",
                "tslib": "^2.6.1",
                "typescript": "^5.1.6",
                "uuid": "^9.0.0",
                "vitest": "^0.32.2"
            }
        },
        "drumline-server": {
            "name": "@chrisrude/drumline-server",
            "version": "0.0.3",
            "extraneous": true,
            "license": "MIT",
            "dependencies": {
                "@chrisrude/drumline-lib": "file:../drumline-lib",
                "base-emoji": "^2.0.1",
                "cookie-session": "^2.0.0",
                "cors": "^2.8.5",
                "express": "^4.18.2",
                "redis": "4.6.7",
                "ws": "^8.13.0"
            },
            "devDependencies": {
                "@rollup/plugin-commonjs": "^25.0.3",
                "@rollup/plugin-json": "^6.0.0",
                "@rollup/plugin-node-resolve": "^15.1.0",
                "@rollup/plugin-terser": "^0.4.3",
                "@rollup/plugin-typescript": "^11.1.2",
                "@types/cookie-session": "^2.0.44",
                "@types/cors": "^2.8.13",
                "@types/express": "^4.17.17",
                "@types/node": "^20.4.5",
                "@types/websocket": "^1.0.5",
                "@types/ws": "^8.5.5",
                "@typescript-eslint/eslint-plugin": "^6.2.0",
                "@typescript-eslint/parser": "^6.2.0",
                "eslint": "^8.45.0",
                "eslint-config-prettier": "^8.9.0",
                "eslint-plugin-prettier": "^5.0.0",
                "npm-run-all": "^4.1.5",
                "prettier": "^3.0.0",
                "tslib": "^2.6.1",
                "typescript": "^5.1.6",
                "vitest": "^0.32.2"
            },
            "engines": {
                "node": ">=18.12.1 <19.0.0",
                "npm": ">=8.19.2 <10.0.0"
            }
        }
    }
}
